
Microsoft Visual Studio Solution File, Format Version 12.00
# Visual Studio Version 17
VisualStudioVersion = 17.9.34723.18
MinimumVisualStudioVersion = 10.0.40219.1
Project("{8BC9CEB8-8B4A-11D0-8D11-00A0C91BC942}") = "SSD", "SSDProject\SSDProject.vcxproj", "{A551FA3B-7393-43C7-9510-828E86F45CF2}"
EndProject
Project("{8BC9CEB8-8B4A-11D0-8D11-00A0C91BC942}") = "TestShell", "TestShell\TestShell.vcxproj", "{AF1358C1-64C4-458C-84B9-71ED2B7FAFC6}"
EndProject
Project("{2150E333-8FDC-42A3-9474-1A3956D46DE8}") = "솔루션 항목", "솔루션 항목", "{98F16AE7-4086-497D-90E5-711B8C43D0DE}"
	ProjectSection(SolutionItems) = preProject
		.editorconfig = .editorconfig
		.gitingore = .gitingore
	EndProjectSection
EndProject
Project("{8BC9CEB8-8B4A-11D0-8D11-00A0C91BC942}") = "SSDTest", "SSDTest\SSDTest.vcxproj", "{4ED2B784-92E0-4CC6-8C1B-4C4C43ED077B}"
EndProject
Global
	GlobalSection(SolutionConfigurationPlatforms) = preSolution
		Debug|x64 = Debug|x64
		Debug|x86 = Debug|x86
		Release|x64 = Release|x64
		Release|x86 = Release|x86
	EndGlobalSection
	GlobalSection(ProjectConfigurationPlatforms) = postSolution
		{A551FA3B-7393-43C7-9510-828E86F45CF2}.Debug|x64.ActiveCfg = Debug|x64
		{A551FA3B-7393-43C7-9510-828E86F45CF2}.Debug|x64.Build.0 = Debug|x64
		{A551FA3B-7393-43C7-9510-828E86F45CF2}.Debug|x86.ActiveCfg = Debug|Win32
		{A551FA3B-7393-43C7-9510-828E86F45CF2}.Debug|x86.Build.0 = Debug|Win32
		{A551FA3B-7393-43C7-9510-828E86F45CF2}.Release|x64.ActiveCfg = Release|x64
		{A551FA3B-7393-43C7-9510-828E86F45CF2}.Release|x64.Build.0 = Release|x64
		{A551FA3B-7393-43C7-9510-828E86F45CF2}.Release|x86.ActiveCfg = Release|Win32
		{A551FA3B-7393-43C7-9510-828E86F45CF2}.Release|x86.Build.0 = Release|Win32
		{AF1358C1-64C4-458C-84B9-71ED2B7FAFC6}.Debug|x64.ActiveCfg = Debug|x64
		{AF1358C1-64C4-458C-84B9-71ED2B7FAFC6}.Debug|x64.Build.0 = Debug|x64
		{AF1358C1-64C4-458C-84B9-71ED2B7FAFC6}.Debug|x86.ActiveCfg = Debug|Win32
		{AF1358C1-64C4-458C-84B9-71ED2B7FAFC6}.Debug|x86.Build.0 = Debug|Win32
		{AF1358C1-64C4-458C-84B9-71ED2B7FAFC6}.Release|x64.ActiveCfg = Release|x64
		{AF1358C1-64C4-458C-84B9-71ED2B7FAFC6}.Release|x64.Build.0 = Release|x64
		{AF1358C1-64C4-458C-84B9-71ED2B7FAFC6}.Release|x86.ActiveCfg = Release|Win32
		{AF1358C1-64C4-458C-84B9-71ED2B7FAFC6}.Release|x86.Build.0 = Release|Win32
		{4ED2B784-92E0-4CC6-8C1B-4C4C43ED077B}.Debug|x64.ActiveCfg = Debug|x64
		{4ED2B784-92E0-4CC6-8C1B-4C4C43ED077B}.Debug|x64.Build.0 = Debug|x64
		{4ED2B784-92E0-4CC6-8C1B-4C4C43ED077B}.Debug|x86.ActiveCfg = Debug|Win32
		{4ED2B784-92E0-4CC6-8C1B-4C4C43ED077B}.Debug|x86.Build.0 = Debug|Win32
		{4ED2B784-92E0-4CC6-8C1B-4C4C43ED077B}.Release|x64.ActiveCfg = Release|x64
		{4ED2B784-92E0-4CC6-8C1B-4C4C43ED077B}.Release|x64.Build.0 = Release|x64
		{4ED2B784-92E0-4CC6-8C1B-4C4C43ED077B}.Release|x86.ActiveCfg = Release|Win32
		{4ED2B784-92E0-4CC6-8C1B-4C4C43ED077B}.Release|x86.Build.0 = Release|Win32
	EndGlobalSection
	GlobalSection(SolutionProperties) = preSolution
		HideSolutionNode = FALSE
	EndGlobalSection
	GlobalSection(ExtensibilityGlobals) = postSolution
		SolutionGuid = {A18123C4-CD94-4CA0-9DE8-FD46BF53AD65}
	EndGlobalSection
EndGlobal
